// !$*UTF8*$!
{
	archiveVersion = 1;
	classes = {
	};
	objectVersion = 50;
	objects = {

/* Begin PBXBuildFile section */
		5519BA3502F3F2604788EF48 /* Pods_PracticeMVC_PracticeMVCUITests.framework in Frameworks */ = {isa = PBXBuildFile; fileRef = 4FCAC229FC56E9AC48392274 /* Pods_PracticeMVC_PracticeMVCUITests.framework */; };
		8CAB23C3729F05D1BE38A1BC /* Pods_PracticeMVC.framework in Frameworks */ = {isa = PBXBuildFile; fileRef = 4714B443ACEBE45B3A3478ED /* Pods_PracticeMVC.framework */; };
		AF7A6F18259EFFEB0082F03C /* AppDelegate.swift in Sources */ = {isa = PBXBuildFile; fileRef = AF7A6F17259EFFEB0082F03C /* AppDelegate.swift */; };
		AF7A6F1A259EFFEB0082F03C /* SceneDelegate.swift in Sources */ = {isa = PBXBuildFile; fileRef = AF7A6F19259EFFEB0082F03C /* SceneDelegate.swift */; };
		AF7A6F22259EFFEB0082F03C /* PracticeMVC.xcdatamodeld in Sources */ = {isa = PBXBuildFile; fileRef = AF7A6F20259EFFEB0082F03C /* PracticeMVC.xcdatamodeld */; };
		AF7A6F24259EFFED0082F03C /* Assets.xcassets in Resources */ = {isa = PBXBuildFile; fileRef = AF7A6F23259EFFED0082F03C /* Assets.xcassets */; };
		AF7A6F27259EFFED0082F03C /* LaunchScreen.storyboard in Resources */ = {isa = PBXBuildFile; fileRef = AF7A6F25259EFFED0082F03C /* LaunchScreen.storyboard */; };
		AF7A6F32259EFFED0082F03C /* PracticeMVCTests.swift in Sources */ = {isa = PBXBuildFile; fileRef = AF7A6F31259EFFED0082F03C /* PracticeMVCTests.swift */; };
		AF7A6F3D259EFFED0082F03C /* PracticeMVCUITests.swift in Sources */ = {isa = PBXBuildFile; fileRef = AF7A6F3C259EFFED0082F03C /* PracticeMVCUITests.swift */; };
		AF7A6F4B259F03680082F03C /* Model.swift in Sources */ = {isa = PBXBuildFile; fileRef = AF7A6F4A259F03680082F03C /* Model.swift */; };
		AF7A6F4D259F07B00082F03C /* View.swift in Sources */ = {isa = PBXBuildFile; fileRef = AF7A6F4C259F07B00082F03C /* View.swift */; };
		AFDF446C259F0B840054C781 /* Controller.swift in Sources */ = {isa = PBXBuildFile; fileRef = AFDF446B259F0B840054C781 /* Controller.swift */; };
		EAEDD8CC031DC695DCFEBB4B /* Pods_PracticeMVCTests.framework in Frameworks */ = {isa = PBXBuildFile; fileRef = 19DBCE3D880D698397C382D7 /* Pods_PracticeMVCTests.framework */; };
/* End PBXBuildFile section */

/* Begin PBXContainerItemProxy section */
		AF7A6F2E259EFFED0082F03C /* PBXContainerItemProxy */ = {
			isa = PBXContainerItemProxy;
			containerPortal = AF7A6F0C259EFFEB0082F03C /* Project object */;
			proxyType = 1;
			remoteGlobalIDString = AF7A6F13259EFFEB0082F03C;
			remoteInfo = PracticeMVC;
		};
		AF7A6F39259EFFED0082F03C /* PBXContainerItemProxy */ = {
			isa = PBXContainerItemProxy;
			containerPortal = AF7A6F0C259EFFEB0082F03C /* Project object */;
			proxyType = 1;
			remoteGlobalIDString = AF7A6F13259EFFEB0082F03C;
			remoteInfo = PracticeMVC;
		};
/* End PBXContainerItemProxy section */

/* Begin PBXFileReference section */
		01116A64F7828CA408365417 /* Pods-PracticeMVC-PracticeMVCUITests.release.xcconfig */ = {isa = PBXFileReference; includeInIndex = 1; lastKnownFileType = text.xcconfig; name = "Pods-PracticeMVC-PracticeMVCUITests.release.xcconfig"; path = "Target Support Files/Pods-PracticeMVC-PracticeMVCUITests/Pods-PracticeMVC-PracticeMVCUITests.release.xcconfig"; sourceTree = "<group>"; };
		03D236C6DABF31CF8440AD04 /* Pods-PracticeMVC-PracticeMVCUITests.debug.xcconfig */ = {isa = PBXFileReference; includeInIndex = 1; lastKnownFileType = text.xcconfig; name = "Pods-PracticeMVC-PracticeMVCUITests.debug.xcconfig"; path = "Target Support Files/Pods-PracticeMVC-PracticeMVCUITests/Pods-PracticeMVC-PracticeMVCUITests.debug.xcconfig"; sourceTree = "<group>"; };
		19DBCE3D880D698397C382D7 /* Pods_PracticeMVCTests.framework */ = {isa = PBXFileReference; explicitFileType = wrapper.framework; includeInIndex = 0; path = Pods_PracticeMVCTests.framework; sourceTree = BUILT_PRODUCTS_DIR; };
		24757B9435108766E7F8DA2B /* Pods-PracticeMVC.debug.xcconfig */ = {isa = PBXFileReference; includeInIndex = 1; lastKnownFileType = text.xcconfig; name = "Pods-PracticeMVC.debug.xcconfig"; path = "Target Support Files/Pods-PracticeMVC/Pods-PracticeMVC.debug.xcconfig"; sourceTree = "<group>"; };
		38150DF6D0FA3C49924B0BE5 /* Pods-PracticeMVCTests.debug.xcconfig */ = {isa = PBXFileReference; includeInIndex = 1; lastKnownFileType = text.xcconfig; name = "Pods-PracticeMVCTests.debug.xcconfig"; path = "Target Support Files/Pods-PracticeMVCTests/Pods-PracticeMVCTests.debug.xcconfig"; sourceTree = "<group>"; };
		4714B443ACEBE45B3A3478ED /* Pods_PracticeMVC.framework */ = {isa = PBXFileReference; explicitFileType = wrapper.framework; includeInIndex = 0; path = Pods_PracticeMVC.framework; sourceTree = BUILT_PRODUCTS_DIR; };
		4FCAC229FC56E9AC48392274 /* Pods_PracticeMVC_PracticeMVCUITests.framework */ = {isa = PBXFileReference; explicitFileType = wrapper.framework; includeInIndex = 0; path = Pods_PracticeMVC_PracticeMVCUITests.framework; sourceTree = BUILT_PRODUCTS_DIR; };
		7B6364FA6F50C5562279984B /* Pods-PracticeMVCTests.release.xcconfig */ = {isa = PBXFileReference; includeInIndex = 1; lastKnownFileType = text.xcconfig; name = "Pods-PracticeMVCTests.release.xcconfig"; path = "Target Support Files/Pods-PracticeMVCTests/Pods-PracticeMVCTests.release.xcconfig"; sourceTree = "<group>"; };
		AF7A6F14259EFFEB0082F03C /* PracticeMVC.app */ = {isa = PBXFileReference; explicitFileType = wrapper.application; includeInIndex = 0; path = PracticeMVC.app; sourceTree = BUILT_PRODUCTS_DIR; };
		AF7A6F17259EFFEB0082F03C /* AppDelegate.swift */ = {isa = PBXFileReference; lastKnownFileType = sourcecode.swift; path = AppDelegate.swift; sourceTree = "<group>"; };
		AF7A6F19259EFFEB0082F03C /* SceneDelegate.swift */ = {isa = PBXFileReference; lastKnownFileType = sourcecode.swift; path = SceneDelegate.swift; sourceTree = "<group>"; };
		AF7A6F21259EFFEB0082F03C /* PracticeMVC.xcdatamodel */ = {isa = PBXFileReference; lastKnownFileType = wrapper.xcdatamodel; path = PracticeMVC.xcdatamodel; sourceTree = "<group>"; };
		AF7A6F23259EFFED0082F03C /* Assets.xcassets */ = {isa = PBXFileReference; lastKnownFileType = folder.assetcatalog; path = Assets.xcassets; sourceTree = "<group>"; };
		AF7A6F26259EFFED0082F03C /* Base */ = {isa = PBXFileReference; lastKnownFileType = file.storyboard; name = Base; path = Base.lproj/LaunchScreen.storyboard; sourceTree = "<group>"; };
		AF7A6F28259EFFED0082F03C /* Info.plist */ = {isa = PBXFileReference; lastKnownFileType = text.plist.xml; path = Info.plist; sourceTree = "<group>"; };
		AF7A6F2D259EFFED0082F03C /* PracticeMVCTests.xctest */ = {isa = PBXFileReference; explicitFileType = wrapper.cfbundle; includeInIndex = 0; path = PracticeMVCTests.xctest; sourceTree = BUILT_PRODUCTS_DIR; };
		AF7A6F31259EFFED0082F03C /* PracticeMVCTests.swift */ = {isa = PBXFileReference; lastKnownFileType = sourcecode.swift; path = PracticeMVCTests.swift; sourceTree = "<group>"; };
		AF7A6F33259EFFED0082F03C /* Info.plist */ = {isa = PBXFileReference; lastKnownFileType = text.plist.xml; path = Info.plist; sourceTree = "<group>"; };
		AF7A6F38259EFFED0082F03C /* PracticeMVCUITests.xctest */ = {isa = PBXFileReference; explicitFileType = wrapper.cfbundle; includeInIndex = 0; path = PracticeMVCUITests.xctest; sourceTree = BUILT_PRODUCTS_DIR; };
		AF7A6F3C259EFFED0082F03C /* PracticeMVCUITests.swift */ = {isa = PBXFileReference; lastKnownFileType = sourcecode.swift; path = PracticeMVCUITests.swift; sourceTree = "<group>"; };
		AF7A6F3E259EFFED0082F03C /* Info.plist */ = {isa = PBXFileReference; lastKnownFileType = text.plist.xml; path = Info.plist; sourceTree = "<group>"; };
		AF7A6F4A259F03680082F03C /* Model.swift */ = {isa = PBXFileReference; lastKnownFileType = sourcecode.swift; path = Model.swift; sourceTree = "<group>"; };
		AF7A6F4C259F07B00082F03C /* View.swift */ = {isa = PBXFileReference; lastKnownFileType = sourcecode.swift; path = View.swift; sourceTree = "<group>"; };
		AFDF446B259F0B840054C781 /* Controller.swift */ = {isa = PBXFileReference; lastKnownFileType = sourcecode.swift; path = Controller.swift; sourceTree = "<group>"; };
		EDCB9C4479318BA116A483FD /* Pods-PracticeMVC.release.xcconfig */ = {isa = PBXFileReference; includeInIndex = 1; lastKnownFileType = text.xcconfig; name = "Pods-PracticeMVC.release.xcconfig"; path = "Target Support Files/Pods-PracticeMVC/Pods-PracticeMVC.release.xcconfig"; sourceTree = "<group>"; };
/* End PBXFileReference section */

/* Begin PBXFrameworksBuildPhase section */
		AF7A6F11259EFFEB0082F03C /* Frameworks */ = {
			isa = PBXFrameworksBuildPhase;
			buildActionMask = 2147483647;
			files = (
				8CAB23C3729F05D1BE38A1BC /* Pods_PracticeMVC.framework in Frameworks */,
			);
			runOnlyForDeploymentPostprocessing = 0;
		};
		AF7A6F2A259EFFED0082F03C /* Frameworks */ = {
			isa = PBXFrameworksBuildPhase;
			buildActionMask = 2147483647;
			files = (
				EAEDD8CC031DC695DCFEBB4B /* Pods_PracticeMVCTests.framework in Frameworks */,
			);
			runOnlyForDeploymentPostprocessing = 0;
		};
		AF7A6F35259EFFED0082F03C /* Frameworks */ = {
			isa = PBXFrameworksBuildPhase;
			buildActionMask = 2147483647;
			files = (
				5519BA3502F3F2604788EF48 /* Pods_PracticeMVC_PracticeMVCUITests.framework in Frameworks */,
			);
			runOnlyForDeploymentPostprocessing = 0;
		};
/* End PBXFrameworksBuildPhase section */

/* Begin PBXGroup section */
		3087011A5CDB5E398EF53780 /* Pods */ = {
			isa = PBXGroup;
			children = (
				24757B9435108766E7F8DA2B /* Pods-PracticeMVC.debug.xcconfig */,
				EDCB9C4479318BA116A483FD /* Pods-PracticeMVC.release.xcconfig */,
				03D236C6DABF31CF8440AD04 /* Pods-PracticeMVC-PracticeMVCUITests.debug.xcconfig */,
				01116A64F7828CA408365417 /* Pods-PracticeMVC-PracticeMVCUITests.release.xcconfig */,
				38150DF6D0FA3C49924B0BE5 /* Pods-PracticeMVCTests.debug.xcconfig */,
				7B6364FA6F50C5562279984B /* Pods-PracticeMVCTests.release.xcconfig */,
			);
			name = Pods;
			path = Pods;
			sourceTree = "<group>";
		};
		49F15421ED668FC041BDA0E9 /* Frameworks */ = {
			isa = PBXGroup;
			children = (
				4714B443ACEBE45B3A3478ED /* Pods_PracticeMVC.framework */,
				4FCAC229FC56E9AC48392274 /* Pods_PracticeMVC_PracticeMVCUITests.framework */,
				19DBCE3D880D698397C382D7 /* Pods_PracticeMVCTests.framework */,
			);
			name = Frameworks;
			sourceTree = "<group>";
		};
		AF7A6F0B259EFFEB0082F03C = {
			isa = PBXGroup;
			children = (
				AF7A6F16259EFFEB0082F03C /* PracticeMVC */,
				AF7A6F30259EFFED0082F03C /* PracticeMVCTests */,
				AF7A6F3B259EFFED0082F03C /* PracticeMVCUITests */,
				AF7A6F15259EFFEB0082F03C /* Products */,
				3087011A5CDB5E398EF53780 /* Pods */,
				49F15421ED668FC041BDA0E9 /* Frameworks */,
			);
			sourceTree = "<group>";
		};
		AF7A6F15259EFFEB0082F03C /* Products */ = {
			isa = PBXGroup;
			children = (
				AF7A6F14259EFFEB0082F03C /* PracticeMVC.app */,
				AF7A6F2D259EFFED0082F03C /* PracticeMVCTests.xctest */,
				AF7A6F38259EFFED0082F03C /* PracticeMVCUITests.xctest */,
			);
			name = Products;
			sourceTree = "<group>";
		};
		AF7A6F16259EFFEB0082F03C /* PracticeMVC */ = {
			isa = PBXGroup;
			children = (
				AF7A6F4C259F07B00082F03C /* View.swift */,
				AF7A6F4A259F03680082F03C /* Model.swift */,
				AFDF446B259F0B840054C781 /* Controller.swift */,
				AF7A6F17259EFFEB0082F03C /* AppDelegate.swift */,
				AF7A6F19259EFFEB0082F03C /* SceneDelegate.swift */,
				AF7A6F23259EFFED0082F03C /* Assets.xcassets */,
				AF7A6F25259EFFED0082F03C /* LaunchScreen.storyboard */,
				AF7A6F28259EFFED0082F03C /* Info.plist */,
				AF7A6F20259EFFEB0082F03C /* PracticeMVC.xcdatamodeld */,
			);
			path = PracticeMVC;
			sourceTree = "<group>";
		};
		AF7A6F30259EFFED0082F03C /* PracticeMVCTests */ = {
			isa = PBXGroup;
			children = (
				AF7A6F31259EFFED0082F03C /* PracticeMVCTests.swift */,
				AF7A6F33259EFFED0082F03C /* Info.plist */,
			);
			path = PracticeMVCTests;
			sourceTree = "<group>";
		};
		AF7A6F3B259EFFED0082F03C /* PracticeMVCUITests */ = {
			isa = PBXGroup;
			children = (
				AF7A6F3C259EFFED0082F03C /* PracticeMVCUITests.swift */,
				AF7A6F3E259EFFED0082F03C /* Info.plist */,
			);
			path = PracticeMVCUITests;
			sourceTree = "<group>";
		};
/* End PBXGroup section */

/* Begin PBXNativeTarget section */
		AF7A6F13259EFFEB0082F03C /* PracticeMVC */ = {
			isa = PBXNativeTarget;
			buildConfigurationList = AF7A6F41259EFFED0082F03C /* Build configuration list for PBXNativeTarget "PracticeMVC" */;
			buildPhases = (
				DE0AC8AB333D6BBB492B66F3 /* [CP] Check Pods Manifest.lock */,
				AF7A6F10259EFFEB0082F03C /* Sources */,
				AF7A6F11259EFFEB0082F03C /* Frameworks */,
				AF7A6F12259EFFEB0082F03C /* Resources */,
				8161D6229A3A1E4BC0E89699 /* [CP] Embed Pods Frameworks */,
			);
			buildRules = (
			);
			dependencies = (
			);
			name = PracticeMVC;
			productName = PracticeMVC;
			productReference = AF7A6F14259EFFEB0082F03C /* PracticeMVC.app */;
			productType = "com.apple.product-type.application";
		};
		AF7A6F2C259EFFED0082F03C /* PracticeMVCTests */ = {
			isa = PBXNativeTarget;
			buildConfigurationList = AF7A6F44259EFFED0082F03C /* Build configuration list for PBXNativeTarget "PracticeMVCTests" */;
			buildPhases = (
				87A7E7E38DAFA65D0BE9C072 /* [CP] Check Pods Manifest.lock */,
				AF7A6F29259EFFED0082F03C /* Sources */,
				AF7A6F2A259EFFED0082F03C /* Frameworks */,
				AF7A6F2B259EFFED0082F03C /* Resources */,
			);
			buildRules = (
			);
			dependencies = (
				AF7A6F2F259EFFED0082F03C /* PBXTargetDependency */,
			);
			name = PracticeMVCTests;
			productName = PracticeMVCTests;
			productReference = AF7A6F2D259EFFED0082F03C /* PracticeMVCTests.xctest */;
			productType = "com.apple.product-type.bundle.unit-test";
		};
		AF7A6F37259EFFED0082F03C /* PracticeMVCUITests */ = {
			isa = PBXNativeTarget;
			buildConfigurationList = AF7A6F47259EFFED0082F03C /* Build configuration list for PBXNativeTarget "PracticeMVCUITests" */;
			buildPhases = (
				04BD7AA1C786F0CBB5DBC017 /* [CP] Check Pods Manifest.lock */,
				AF7A6F34259EFFED0082F03C /* Sources */,
				AF7A6F35259EFFED0082F03C /* Frameworks */,
				AF7A6F36259EFFED0082F03C /* Resources */,
				0ABA17A755D2AC20B2474F42 /* [CP] Embed Pods Frameworks */,
			);
			buildRules = (
			);
			dependencies = (
				AF7A6F3A259EFFED0082F03C /* PBXTargetDependency */,
			);
			name = PracticeMVCUITests;
			productName = PracticeMVCUITests;
			productReference = AF7A6F38259EFFED0082F03C /* PracticeMVCUITests.xctest */;
			productType = "com.apple.product-type.bundle.ui-testing";
		};
/* End PBXNativeTarget section */

/* Begin PBXProject section */
		AF7A6F0C259EFFEB0082F03C /* Project object */ = {
			isa = PBXProject;
			attributes = {
				LastSwiftUpdateCheck = 1150;
				LastUpgradeCheck = 1150;
				ORGANIZATIONNAME = "河明宗";
				TargetAttributes = {
					AF7A6F13259EFFEB0082F03C = {
						CreatedOnToolsVersion = 11.5;
					};
					AF7A6F2C259EFFED0082F03C = {
						CreatedOnToolsVersion = 11.5;
						TestTargetID = AF7A6F13259EFFEB0082F03C;
					};
					AF7A6F37259EFFED0082F03C = {
						CreatedOnToolsVersion = 11.5;
						TestTargetID = AF7A6F13259EFFEB0082F03C;
					};
				};
			};
			buildConfigurationList = AF7A6F0F259EFFEB0082F03C /* Build configuration list for PBXProject "PracticeMVC" */;
			compatibilityVersion = "Xcode 9.3";
			developmentRegion = en;
			hasScannedForEncodings = 0;
			knownRegions = (
				en,
				Base,
			);
			mainGroup = AF7A6F0B259EFFEB0082F03C;
			productRefGroup = AF7A6F15259EFFEB0082F03C /* Products */;
			projectDirPath = "";
			projectRoot = "";
			targets = (
				AF7A6F13259EFFEB0082F03C /* PracticeMVC */,
				AF7A6F2C259EFFED0082F03C /* PracticeMVCTests */,
				AF7A6F37259EFFED0082F03C /* PracticeMVCUITests */,
			);
		};
/* End PBXProject section */

/* Begin PBXResourcesBuildPhase section */
		AF7A6F12259EFFEB0082F03C /* Resources */ = {
			isa = PBXResourcesBuildPhase;
			buildActionMask = 2147483647;
			files = (
				AF7A6F27259EFFED0082F03C /* LaunchScreen.storyboard in Resources */,
				AF7A6F24259EFFED0082F03C /* Assets.xcassets in Resources */,
			);
			runOnlyForDeploymentPostprocessing = 0;
		};
		AF7A6F2B259EFFED0082F03C /* Resources */ = {
			isa = PBXResourcesBuildPhase;
			buildActionMask = 2147483647;
			files = (
			);
			runOnlyForDeploymentPostprocessing = 0;
		};
		AF7A6F36259EFFED0082F03C /* Resources */ = {
			isa = PBXResourcesBuildPhase;
			buildActionMask = 2147483647;
			files = (
			);
			runOnlyForDeploymentPostprocessing = 0;
		};
/* End PBXResourcesBuildPhase section */

/* Begin PBXShellScriptBuildPhase section */
		04BD7AA1C786F0CBB5DBC017 /* [CP] Check Pods Manifest.lock */ = {
			isa = PBXShellScriptBuildPhase;
			buildActionMask = 2147483647;
			files = (
			);
			inputFileListPaths = (
			);
			inputPaths = (
				"${PODS_PODFILE_DIR_PATH}/Podfile.lock",
				"${PODS_ROOT}/Manifest.lock",
			);
			name = "[CP] Check Pods Manifest.lock";
			outputFileListPaths = (
			);
			outputPaths = (
				"$(DERIVED_FILE_DIR)/Pods-PracticeMVC-PracticeMVCUITests-checkManifestLockResult.txt",
			);
			runOnlyForDeploymentPostprocessing = 0;
			shellPath = /bin/sh;
			shellScript = "diff \"${PODS_PODFILE_DIR_PATH}/Podfile.lock\" \"${PODS_ROOT}/Manifest.lock\" > /dev/null\nif [ $? != 0 ] ; then\n    # print error to STDERR\n    echo \"error: The sandbox is not in sync with the Podfile.lock. Run 'pod install' or update your CocoaPods installation.\" >&2\n    exit 1\nfi\n# This output is used by Xcode 'outputs' to avoid re-running this script phase.\necho \"SUCCESS\" > \"${SCRIPT_OUTPUT_FILE_0}\"\n";
			showEnvVarsInLog = 0;
		};
		0ABA17A755D2AC20B2474F42 /* [CP] Embed Pods Frameworks */ = {
			isa = PBXShellScriptBuildPhase;
			buildActionMask = 2147483647;
			files = (
			);
			inputFileListPaths = (
				"${PODS_ROOT}/Target Support Files/Pods-PracticeMVC-PracticeMVCUITests/Pods-PracticeMVC-PracticeMVCUITests-frameworks-${CONFIGURATION}-input-files.xcfilelist",
			);
			name = "[CP] Embed Pods Frameworks";
			outputFileListPaths = (
				"${PODS_ROOT}/Target Support Files/Pods-PracticeMVC-PracticeMVCUITests/Pods-PracticeMVC-PracticeMVCUITests-frameworks-${CONFIGURATION}-output-files.xcfilelist",
			);
			runOnlyForDeploymentPostprocessing = 0;
			shellPath = /bin/sh;
			shellScript = "\"${PODS_ROOT}/Target Support Files/Pods-PracticeMVC-PracticeMVCUITests/Pods-PracticeMVC-PracticeMVCUITests-frameworks.sh\"\n";
			showEnvVarsInLog = 0;
		};
		8161D6229A3A1E4BC0E89699 /* [CP] Embed Pods Frameworks */ = {
			isa = PBXShellScriptBuildPhase;
			buildActionMask = 2147483647;
			files = (
			);
			inputFileListPaths = (
				"${PODS_ROOT}/Target Support Files/Pods-PracticeMVC/Pods-PracticeMVC-frameworks-${CONFIGURATION}-input-files.xcfilelist",
			);
			name = "[CP] Embed Pods Frameworks";
			outputFileListPaths = (
				"${PODS_ROOT}/Target Support Files/Pods-PracticeMVC/Pods-PracticeMVC-frameworks-${CONFIGURATION}-output-files.xcfilelist",
			);
			runOnlyForDeploymentPostprocessing = 0;
			shellPath = /bin/sh;
			shellScript = "\"${PODS_ROOT}/Target Support Files/Pods-PracticeMVC/Pods-PracticeMVC-frameworks.sh\"\n";
			showEnvVarsInLog = 0;
		};
		87A7E7E38DAFA65D0BE9C072 /* [CP] Check Pods Manifest.lock */ = {
			isa = PBXShellScriptBuildPhase;
			buildActionMask = 2147483647;
			files = (
			);
			inputFileListPaths = (
			);
			inputPaths = (
				"${PODS_PODFILE_DIR_PATH}/Podfile.lock",
				"${PODS_ROOT}/Manifest.lock",
			);
			name = "[CP] Check Pods Manifest.lock";
			outputFileListPaths = (
			);
			outputPaths = (
				"$(DERIVED_FILE_DIR)/Pods-PracticeMVCTests-checkManifestLockResult.txt",
			);
			runOnlyForDeploymentPostprocessing = 0;
			shellPath = /bin/sh;
			shellScript = "diff \"${PODS_PODFILE_DIR_PATH}/Podfile.lock\" \"${PODS_ROOT}/Manifest.lock\" > /dev/null\nif [ $? != 0 ] ; then\n    # print error to STDERR\n    echo \"error: The sandbox is not in sync with the Podfile.lock. Run 'pod install' or update your CocoaPods installation.\" >&2\n    exit 1\nfi\n# This output is used by Xcode 'outputs' to avoid re-running this script phase.\necho \"SUCCESS\" > \"${SCRIPT_OUTPUT_FILE_0}\"\n";
			showEnvVarsInLog = 0;
		};
		DE0AC8AB333D6BBB492B66F3 /* [CP] Check Pods Manifest.lock */ = {
			isa = PBXShellScriptBuildPhase;
			buildActionMask = 2147483647;
			files = (
			);
			inputFileListPaths = (
			);
			inputPaths = (
				"${PODS_PODFILE_DIR_PATH}/Podfile.lock",
				"${PODS_ROOT}/Manifest.lock",
			);
			name = "[CP] Check Pods Manifest.lock";
			outputFileListPaths = (
			);
			outputPaths = (
				"$(DERIVED_FILE_DIR)/Pods-PracticeMVC-checkManifestLockResult.txt",
			);
			runOnlyForDeploymentPostprocessing = 0;
			shellPath = /bin/sh;
			shellScript = "diff \"${PODS_PODFILE_DIR_PATH}/Podfile.lock\" \"${PODS_ROOT}/Manifest.lock\" > /dev/null\nif [ $? != 0 ] ; then\n    # print error to STDERR\n    echo \"error: The sandbox is not in sync with the Podfile.lock. Run 'pod install' or update your CocoaPods installation.\" >&2\n    exit 1\nfi\n# This output is used by Xcode 'outputs' to avoid re-running this script phase.\necho \"SUCCESS\" > \"${SCRIPT_OUTPUT_FILE_0}\"\n";
			showEnvVarsInLog = 0;
		};
/* End PBXShellScriptBuildPhase section */

/* Begin PBXSourcesBuildPhase section */
		AF7A6F10259EFFEB0082F03C /* Sources */ = {
			isa = PBXSourcesBuildPhase;
			buildActionMask = 2147483647;
			files = (
				AF7A6F22259EFFEB0082F03C /* PracticeMVC.xcdatamodeld in Sources */,
				AFDF446C259F0B840054C781 /* Controller.swift in Sources */,
				AF7A6F18259EFFEB0082F03C /* AppDelegate.swift in Sources */,
				AF7A6F4D259F07B00082F03C /* View.swift in Sources */,
				AF7A6F1A259EFFEB0082F03C /* SceneDelegate.swift in Sources */,
				AF7A6F4B259F03680082F03C /* Model.swift in Sources */,
			);
			runOnlyForDeploymentPostprocessing = 0;
		};
		AF7A6F29259EFFED0082F03C /* Sources */ = {
			isa = PBXSourcesBuildPhase;
			buildActionMask = 2147483647;
			files = (
				AF7A6F32259EFFED0082F03C /* PracticeMVCTests.swift in Sources */,
			);
			runOnlyForDeploymentPostprocessing = 0;
		};
		AF7A6F34259EFFED0082F03C /* Sources */ = {
			isa = PBXSourcesBuildPhase;
			buildActionMask = 2147483647;
			files = (
				AF7A6F3D259EFFED0082F03C /* PracticeMVCUITests.swift in Sources */,
			);
			runOnlyForDeploymentPostprocessing = 0;
		};
/* End PBXSourcesBuildPhase section */

/* Begin PBXTargetDependency section */
		AF7A6F2F259EFFED0082F03C /* PBXTargetDependency */ = {
			isa = PBXTargetDependency;
			target = AF7A6F13259EFFEB0082F03C /* PracticeMVC */;
			targetProxy = AF7A6F2E259EFFED0082F03C /* PBXContainerItemProxy */;
		};
		AF7A6F3A259EFFED0082F03C /* PBXTargetDependency */ = {
			isa = PBXTargetDependency;
			target = AF7A6F13259EFFEB0082F03C /* PracticeMVC */;
			targetProxy = AF7A6F39259EFFED0082F03C /* PBXContainerItemProxy */;
		};
/* End PBXTargetDependency section */

/* Begin PBXVariantGroup section */
		AF7A6F25259EFFED0082F03C /* LaunchScreen.storyboard */ = {
			isa = PBXVariantGroup;
			children = (
				AF7A6F26259EFFED0082F03C /* Base */,
			);
			name = LaunchScreen.storyboard;
			sourceTree = "<group>";
		};
/* End PBXVariantGroup section */

/* Begin XCBuildConfiguration section */
		AF7A6F3F259EFFED0082F03C /* Debug */ = {
			isa = XCBuildConfiguration;
			buildSettings = {
				ALWAYS_SEARCH_USER_PATHS = NO;
				CLANG_ANALYZER_NONNULL = YES;
				CLANG_ANALYZER_NUMBER_OBJECT_CONVERSION = YES_AGGRESSIVE;
				CLANG_CXX_LANGUAGE_STANDARD = "gnu++14";
				CLANG_CXX_LIBRARY = "libc++";
				CLANG_ENABLE_MODULES = YES;
				CLANG_ENABLE_OBJC_ARC = YES;
				CLANG_ENABLE_OBJC_WEAK = YES;
				CLANG_WARN_BLOCK_CAPTURE_AUTORELEASING = YES;
				CLANG_WARN_BOOL_CONVERSION = YES;
				CLANG_WARN_COMMA = YES;
				CLANG_WARN_CONSTANT_CONVERSION = YES;
				CLANG_WARN_DEPRECATED_OBJC_IMPLEMENTATIONS = YES;
				CLANG_WARN_DIRECT_OBJC_ISA_USAGE = YES_ERROR;
				CLANG_WARN_DOCUMENTATION_COMMENTS = YES;
				CLANG_WARN_EMPTY_BODY = YES;
				CLANG_WARN_ENUM_CONVERSION = YES;
				CLANG_WARN_INFINITE_RECURSION = YES;
				CLANG_WARN_INT_CONVERSION = YES;
				CLANG_WARN_NON_LITERAL_NULL_CONVERSION = YES;
				CLANG_WARN_OBJC_IMPLICIT_RETAIN_SELF = YES;
				CLANG_WARN_OBJC_LITERAL_CONVERSION = YES;
				CLANG_WARN_OBJC_ROOT_CLASS = YES_ERROR;
				CLANG_WARN_RANGE_LOOP_ANALYSIS = YES;
				CLANG_WARN_STRICT_PROTOTYPES = YES;
				CLANG_WARN_SUSPICIOUS_MOVE = YES;
				CLANG_WARN_UNGUARDED_AVAILABILITY = YES_AGGRESSIVE;
				CLANG_WARN_UNREACHABLE_CODE = YES;
				CLANG_WARN__DUPLICATE_METHOD_MATCH = YES;
				COPY_PHASE_STRIP = NO;
				DEBUG_INFORMATION_FORMAT = dwarf;
				ENABLE_STRICT_OBJC_MSGSEND = YES;
				ENABLE_TESTABILITY = YES;
				GCC_C_LANGUAGE_STANDARD = gnu11;
				GCC_DYNAMIC_NO_PIC = NO;
				GCC_NO_COMMON_BLOCKS = YES;
				GCC_OPTIMIZATION_LEVEL = 0;
				GCC_PREPROCESSOR_DEFINITIONS = (
					"DEBUG=1",
					"$(inherited)",
				);
				GCC_WARN_64_TO_32_BIT_CONVERSION = YES;
				GCC_WARN_ABOUT_RETURN_TYPE = YES_ERROR;
				GCC_WARN_UNDECLARED_SELECTOR = YES;
				GCC_WARN_UNINITIALIZED_AUTOS = YES_AGGRESSIVE;
				GCC_WARN_UNUSED_FUNCTION = YES;
				GCC_WARN_UNUSED_VARIABLE = YES;
				IPHONEOS_DEPLOYMENT_TARGET = 13.5;
				MTL_ENABLE_DEBUG_INFO = INCLUDE_SOURCE;
				MTL_FAST_MATH = YES;
				ONLY_ACTIVE_ARCH = YES;
				SDKROOT = iphoneos;
				SWIFT_ACTIVE_COMPILATION_CONDITIONS = DEBUG;
				SWIFT_OPTIMIZATION_LEVEL = "-Onone";
			};
			name = Debug;
		};
		AF7A6F40259EFFED0082F03C /* Release */ = {
			isa = XCBuildConfiguration;
			buildSettings = {
				ALWAYS_SEARCH_USER_PATHS = NO;
				CLANG_ANALYZER_NONNULL = YES;
				CLANG_ANALYZER_NUMBER_OBJECT_CONVERSION = YES_AGGRESSIVE;
				CLANG_CXX_LANGUAGE_STANDARD = "gnu++14";
				CLANG_CXX_LIBRARY = "libc++";
				CLANG_ENABLE_MODULES = YES;
				CLANG_ENABLE_OBJC_ARC = YES;
				CLANG_ENABLE_OBJC_WEAK = YES;
				CLANG_WARN_BLOCK_CAPTURE_AUTORELEASING = YES;
				CLANG_WARN_BOOL_CONVERSION = YES;
				CLANG_WARN_COMMA = YES;
				CLANG_WARN_CONSTANT_CONVERSION = YES;
				CLANG_WARN_DEPRECATED_OBJC_IMPLEMENTATIONS = YES;
				CLANG_WARN_DIRECT_OBJC_ISA_USAGE = YES_ERROR;
				CLANG_WARN_DOCUMENTATION_COMMENTS = YES;
				CLANG_WARN_EMPTY_BODY = YES;
				CLANG_WARN_ENUM_CONVERSION = YES;
				CLANG_WARN_INFINITE_RECURSION = YES;
				CLANG_WARN_INT_CONVERSION = YES;
				CLANG_WARN_NON_LITERAL_NULL_CONVERSION = YES;
				CLANG_WARN_OBJC_IMPLICIT_RETAIN_SELF = YES;
				CLANG_WARN_OBJC_LITERAL_CONVERSION = YES;
				CLANG_WARN_OBJC_ROOT_CLASS = YES_ERROR;
				CLANG_WARN_RANGE_LOOP_ANALYSIS = YES;
				CLANG_WARN_STRICT_PROTOTYPES = YES;
				CLANG_WARN_SUSPICIOUS_MOVE = YES;
				CLANG_WARN_UNGUARDED_AVAILABILITY = YES_AGGRESSIVE;
				CLANG_WARN_UNREACHABLE_CODE = YES;
				CLANG_WARN__DUPLICATE_METHOD_MATCH = YES;
				COPY_PHASE_STRIP = NO;
				DEBUG_INFORMATION_FORMAT = "dwarf-with-dsym";
				ENABLE_NS_ASSERTIONS = NO;
				ENABLE_STRICT_OBJC_MSGSEND = YES;
				GCC_C_LANGUAGE_STANDARD = gnu11;
				GCC_NO_COMMON_BLOCKS = YES;
				GCC_WARN_64_TO_32_BIT_CONVERSION = YES;
				GCC_WARN_ABOUT_RETURN_TYPE = YES_ERROR;
				GCC_WARN_UNDECLARED_SELECTOR = YES;
				GCC_WARN_UNINITIALIZED_AUTOS = YES_AGGRESSIVE;
				GCC_WARN_UNUSED_FUNCTION = YES;
				GCC_WARN_UNUSED_VARIABLE = YES;
				IPHONEOS_DEPLOYMENT_TARGET = 13.5;
				MTL_ENABLE_DEBUG_INFO = NO;
				MTL_FAST_MATH = YES;
				SDKROOT = iphoneos;
				SWIFT_COMPILATION_MODE = wholemodule;
				SWIFT_OPTIMIZATION_LEVEL = "-O";
				VALIDATE_PRODUCT = YES;
			};
			name = Release;
		};
		AF7A6F42259EFFED0082F03C /* Debug */ = {
			isa = XCBuildConfiguration;
			baseConfigurationReference = 24757B9435108766E7F8DA2B /* Pods-PracticeMVC.debug.xcconfig */;
			buildSettings = {
				ASSETCATALOG_COMPILER_APPICON_NAME = AppIcon;
				CODE_SIGN_STYLE = Automatic;
				INFOPLIST_FILE = PracticeMVC/Info.plist;
				LD_RUNPATH_SEARCH_PATHS = (
					"$(inherited)",
					"@executable_path/Frameworks",
				);
				PRODUCT_BUNDLE_IDENTIFIER = AkimuneKawa.PracticeMVC;
				PRODUCT_NAME = "$(TARGET_NAME)";
				SWIFT_VERSION = 5.0;
				TARGETED_DEVICE_FAMILY = "1,2";
			};
			name = Debug;
		};
		AF7A6F43259EFFED0082F03C /* Release */ = {
			isa = XCBuildConfiguration;
			baseConfigurationReference = EDCB9C4479318BA116A483FD /* Pods-PracticeMVC.release.xcconfig */;
			buildSettings = {
				ASSETCATALOG_COMPILER_APPICON_NAME = AppIcon;
				CODE_SIGN_STYLE = Automatic;
				INFOPLIST_FILE = PracticeMVC/Info.plist;
				LD_RUNPATH_SEARCH_PATHS = (
					"$(inherited)",
					"@executable_path/Frameworks",
				);
				PRODUCT_BUNDLE_IDENTIFIER = AkimuneKawa.PracticeMVC;
				PRODUCT_NAME = "$(TARGET_NAME)";
				SWIFT_VERSION = 5.0;
				TARGETED_DEVICE_FAMILY = "1,2";
			};
			name = Release;
		};
		AF7A6F45259EFFED0082F03C /* Debug */ = {
			isa = XCBuildConfiguration;
			baseConfigurationReference = 38150DF6D0FA3C49924B0BE5 /* Pods-PracticeMVCTests.debug.xcconfig */;
			buildSettings = {
				ALWAYS_EMBED_SWIFT_STANDARD_LIBRARIES = YES;
				BUNDLE_LOADER = "$(TEST_HOST)";
				CODE_SIGN_STYLE = Automatic;
				INFOPLIST_FILE = PracticeMVCTests/Info.plist;
				IPHONEOS_DEPLOYMENT_TARGET = 13.5;
				LD_RUNPATH_SEARCH_PATHS = (
					"$(inherited)",
					"@executable_path/Frameworks",
					"@loader_path/Frameworks",
				);
				PRODUCT_BUNDLE_IDENTIFIER = AkimuneKawa.PracticeMVCTests;
				PRODUCT_NAME = "$(TARGET_NAME)";
				SWIFT_VERSION = 5.0;
				TARGETED_DEVICE_FAMILY = "1,2";
				TEST_HOST = "$(BUILT_PRODUCTS_DIR)/PracticeMVC.app/PracticeMVC";
			};
			name = Debug;
		};
		AF7A6F46259EFFED0082F03C /* Release */ = {
			isa = XCBuildConfiguration;
			baseConfigurationReference = 7B6364FA6F50C5562279984B /* Pods-PracticeMVCTests.release.xcconfig */;
			buildSettings = {
				ALWAYS_EMBED_SWIFT_STANDARD_LIBRARIES = YES;
				BUNDLE_LOADER = "$(TEST_HOST)";
				CODE_SIGN_STYLE = Automatic;
				INFOPLIST_FILE = PracticeMVCTests/Info.plist;
				IPHONEOS_DEPLOYMENT_TARGET = 13.5;
				LD_RUNPATH_SEARCH_PATHS = (
					"$(inherited)",
					"@executable_path/Frameworks",
					"@loader_path/Frameworks",
				);
				PRODUCT_BUNDLE_IDENTIFIER = AkimuneKawa.PracticeMVCTests;
				PRODUCT_NAME = "$(TARGET_NAME)";
				SWIFT_VERSION = 5.0;
				TARGETED_DEVICE_FAMILY = "1,2";
				TEST_HOST = "$(BUILT_PRODUCTS_DIR)/PracticeMVC.app/PracticeMVC";
			};
			name = Release;
		};
		AF7A6F48259EFFED0082F03C /* Debug */ = {
			isa = XCBuildConfiguration;
			baseConfigurationReference = 03D236C6DABF31CF8440AD04 /* Pods-PracticeMVC-PracticeMVCUITests.debug.xcconfig */;
			buildSettings = {
				ALWAYS_EMBED_SWIFT_STANDARD_LIBRARIES = YES;
				CODE_SIGN_STYLE = Automatic;
				INFOPLIST_FILE = PracticeMVCUITests/Info.plist;
				LD_RUNPATH_SEARCH_PATHS = (
					"$(inherited)",
					"@executable_path/Frameworks",
					"@loader_path/Frameworks",
				);
				PRODUCT_BUNDLE_IDENTIFIER = AkimuneKawa.PracticeMVCUITests;
				PRODUCT_NAME = "$(TARGET_NAME)";
				SWIFT_VERSION = 5.0;
				TARGETED_DEVICE_FAMILY = "1,2";
				TEST_TARGET_NAME = PracticeMVC;
			};
			name = Debug;
		};
		AF7A6F49259EFFED0082F03C /* Release */ = {
			isa = XCBuildConfiguration;
			baseConfigurationReference = 01116A64F7828CA408365417 /* Pods-PracticeMVC-PracticeMVCUITests.release.xcconfig */;
			buildSettings = {
				ALWAYS_EMBED_SWIFT_STANDARD_LIBRARIES = YES;
				CODE_SIGN_STYLE = Automatic;
				INFOPLIST_FILE = PracticeMVCUITests/Info.plist;
				LD_RUNPATH_SEARCH_PATHS = (
					"$(inherited)",
					"@executable_path/Frameworks",
					"@loader_path/Frameworks",
				);
				PRODUCT_BUNDLE_IDENTIFIER = AkimuneKawa.PracticeMVCUITests;
				PRODUCT_NAME = "$(TARGET_NAME)";
				SWIFT_VERSION = 5.0;
				TARGETED_DEVICE_FAMILY = "1,2";
				TEST_TARGET_NAME = PracticeMVC;
			};
			name = Release;
		};
/* End XCBuildConfiguration section */

/* Begin XCConfigurationList section */
		AF7A6F0F259EFFEB0082F03C /* Build configuration list for PBXProject "PracticeMVC" */ = {
			isa = XCConfigurationList;
			buildConfigurations = (
				AF7A6F3F259EFFED0082F03C /* Debug */,
				AF7A6F40259EFFED0082F03C /* Release */,
			);
			defaultConfigurationIsVisible = 0;
			defaultConfigurationName = Release;
		};
		AF7A6F41259EFFED0082F03C /* Build configuration list for PBXNativeTarget "PracticeMVC" */ = {
			isa = XCConfigurationList;
			buildConfigurations = (
				AF7A6F42259EFFED0082F03C /* Debug */,
				AF7A6F43259EFFED0082F03C /* Release */,
			);
			defaultConfigurationIsVisible = 0;
			defaultConfigurationName = Release;
		};
		AF7A6F44259EFFED0082F03C /* Build configuration list for PBXNativeTarget "PracticeMVCTests" */ = {
			isa = XCConfigurationList;
			buildConfigurations = (
				AF7A6F45259EFFED0082F03C /* Debug */,
				AF7A6F46259EFFED0082F03C /* Release */,
			);
			defaultConfigurationIsVisible = 0;
			defaultConfigurationName = Release;
		};
		AF7A6F47259EFFED0082F03C /* Build configuration list for PBXNativeTarget "PracticeMVCUITests" */ = {
			isa = XCConfigurationList;
			buildConfigurations = (
				AF7A6F48259EFFED0082F03C /* Debug */,
				AF7A6F49259EFFED0082F03C /* Release */,
			);
			defaultConfigurationIsVisible = 0;
			defaultConfigurationName = Release;
		};
/* End XCConfigurationList section */

/* Begin XCVersionGroup section */
		AF7A6F20259EFFEB0082F03C /* PracticeMVC.xcdatamodeld */ = {
			isa = XCVersionGroup;
			children = (
				AF7A6F21259EFFEB0082F03C /* PracticeMVC.xcdatamodel */,
			);
			currentVersion = AF7A6F21259EFFEB0082F03C /* PracticeMVC.xcdatamodel */;
			path = PracticeMVC.xcdatamodeld;
			sourceTree = "<group>";
			versionGroupType = wrapper.xcdatamodel;
		};
/* End XCVersionGroup section */
	};
	rootObject = AF7A6F0C259EFFEB0082F03C /* Project object */;
}
